{
  "name": "podzbackend",
  "version": "2.0.0",
  "lockfileVersion": 3,
  "requires": true,
  "packages": {
    "": {
      "name": "podzbackend",
      "version": "2.0.0",
      "license": "Apache-2.0",
      "devDependencies": {
        "@types/aws-lambda": "^8.10.92"
      }
    },
    "node_modules/@types/aws-lambda": {
      "version": "8.10.131",
      "resolved": "https://registry.npmjs.org/@types/aws-lambda/-/aws-lambda-8.10.131.tgz",
      "integrity": "sha512-IWmFpqnVDvskYWnNSiu/qlRn80XlIOU0Gy5rKCl/NjhnI95pV8qIHs6L5b+bpHhyzuOSzjLgBcwgFSXrC1nZWA==",
      "dev": true
    }
  }
}
